# This file is automatically @generated by Cargo.
# It is not intended for manual editing.
version = 4

[[package]]
name = "aic-two-brand-lab"
version = "0.1.0"
dependencies = [
 "generativity",
]

[[package]]
name = "generativity"
version = "1.1.0"
source = "registry+https://github.com/rust-lang/crates.io-index"
checksum = "5881e4c3c2433fe4905bb19cfd2b5d49d4248274862b68c27c33d9ba4e13f9ec"
